
Microsoft Visual Studio Solution File, Format Version 12.00
# Visual Studio Version 17
VisualStudioVersion = 17.10.35122.118
MinimumVisualStudioVersion = 10.0.40219.1
Project("{FAE04EC0-301F-11D3-BF4B-00C04F79EFBC}") = "BusServiceAPI", "BusServiceAPI\BusServiceAPI.csproj", "{B9E1FE28-BD95-44D6-954D-C4C28B9DAE7E}"
EndProject
Global
	GlobalSection(SolutionConfigurationPlatforms) = preSolution
		Debug|Any CPU = Debug|Any CPU
		Release|Any CPU = Release|Any CPU
	EndGlobalSection
	GlobalSection(ProjectConfigurationPlatforms) = postSolution
		{B9E1FE28-BD95-44D6-954D-C4C28B9DAE7E}.Debug|Any CPU.ActiveCfg = Debug|Any CPU
		{B9E1FE28-BD95-44D6-954D-C4C28B9DAE7E}.Debug|Any CPU.Build.0 = Debug|Any CPU
		{B9E1FE28-BD95-44D6-954D-C4C28B9DAE7E}.Release|Any CPU.ActiveCfg = Release|Any CPU
		{B9E1FE28-BD95-44D6-954D-C4C28B9DAE7E}.Release|Any CPU.Build.0 = Release|Any CPU
	EndGlobalSection
	GlobalSection(SolutionProperties) = preSolution
		HideSolutionNode = FALSE
	EndGlobalSection
	GlobalSection(ExtensibilityGlobals) = postSolution
		SolutionGuid = {FEEF4D05-623A-4974-80E4-91071D70E635}
	EndGlobalSection
EndGlobal
